
Microsoft Visual Studio Solution File, Format Version 12.00
# Visual Studio 2012
Project("{FAE04EC0-301F-11D3-BF4B-00C04F79EFBC}") = "cpl_azure", "cpl_azure\cpl_azure.csproj", "{54985817-EFFA-46EF-ADE2-F304AE768892}"
EndProject
Project("{FAE04EC0-301F-11D3-BF4B-00C04F79EFBC}") = "cpl_azure.Tests", "cpl_azure.Tests\cpl_azure.Tests.csproj", "{A96432F4-A714-499C-9347-F7F7CF0CD876}"
EndProject
Project("{FAE04EC0-301F-11D3-BF4B-00C04F79EFBC}") = "MvcFileUploader", "MvcFileUploader\MvcFileUploader.csproj", "{10BC1034-BD5C-4FBF-8E3A-05DDF07C4269}"
EndProject
Global
	GlobalSection(SolutionConfigurationPlatforms) = preSolution
		Debug|Any CPU = Debug|Any CPU
		Release|Any CPU = Release|Any CPU
	EndGlobalSection
	GlobalSection(ProjectConfigurationPlatforms) = postSolution
		{54985817-EFFA-46EF-ADE2-F304AE768892}.Debug|Any CPU.ActiveCfg = Debug|Any CPU
		{54985817-EFFA-46EF-ADE2-F304AE768892}.Debug|Any CPU.Build.0 = Debug|Any CPU
		{54985817-EFFA-46EF-ADE2-F304AE768892}.Release|Any CPU.ActiveCfg = Release|Any CPU
		{54985817-EFFA-46EF-ADE2-F304AE768892}.Release|Any CPU.Build.0 = Release|Any CPU
		{A96432F4-A714-499C-9347-F7F7CF0CD876}.Debug|Any CPU.ActiveCfg = Debug|Any CPU
		{A96432F4-A714-499C-9347-F7F7CF0CD876}.Debug|Any CPU.Build.0 = Debug|Any CPU
		{A96432F4-A714-499C-9347-F7F7CF0CD876}.Release|Any CPU.ActiveCfg = Release|Any CPU
		{A96432F4-A714-499C-9347-F7F7CF0CD876}.Release|Any CPU.Build.0 = Release|Any CPU
		{10BC1034-BD5C-4FBF-8E3A-05DDF07C4269}.Debug|Any CPU.ActiveCfg = Debug|Any CPU
		{10BC1034-BD5C-4FBF-8E3A-05DDF07C4269}.Debug|Any CPU.Build.0 = Debug|Any CPU
		{10BC1034-BD5C-4FBF-8E3A-05DDF07C4269}.Release|Any CPU.ActiveCfg = Release|Any CPU
		{10BC1034-BD5C-4FBF-8E3A-05DDF07C4269}.Release|Any CPU.Build.0 = Release|Any CPU
	EndGlobalSection
	GlobalSection(SolutionProperties) = preSolution
		HideSolutionNode = FALSE
	EndGlobalSection
EndGlobal
